
Microsoft Visual Studio Solution File, Format Version 12.00
# Visual Studio 15
VisualStudioVersion = 15.0.25807.0
MinimumVisualStudioVersion = 10.0.40219.1
Project("{2150E333-8FDC-42A3-9474-1A3956D46DE8}") = "Engine", "Engine", "{3E8FEE7F-C48E-4364-9A67-3FE94C89F797}"
EndProject
Project("{2150E333-8FDC-42A3-9474-1A3956D46DE8}") = "Games", "Games", "{82D623C8-EBB1-49C0-A7DA-8823BCA5376A}"
EndProject
Project("{8BC9CEB8-8B4A-11D0-8D11-00A0C91BC942}") = "UE4", "Intermediate\ProjectFiles\UE4.vcxproj", "{19D0C5FB-280A-43B7-AA1B-42CC6135D86A}"
EndProject
Project("{8BC9CEB8-8B4A-11D0-8D11-00A0C91BC942}") = "world", "Intermediate\ProjectFiles\world.vcxproj", "{8BCA2EAA-742F-4E7F-B80C-5A0FC6A1A947}"
EndProject
Global
	GlobalSection(SolutionConfigurationPlatforms) = preSolution
		DebugGame Editor|HTML5 = DebugGame Editor|HTML5
		DebugGame Editor|Win32 = DebugGame Editor|Win32
		DebugGame Editor|Win64 = DebugGame Editor|Win64
		DebugGame|HTML5 = DebugGame|HTML5
		DebugGame|Win32 = DebugGame|Win32
		DebugGame|Win64 = DebugGame|Win64
		Development Editor|HTML5 = Development Editor|HTML5
		Development Editor|Win32 = Development Editor|Win32
		Development Editor|Win64 = Development Editor|Win64
		Development|HTML5 = Development|HTML5
		Development|Win32 = Development|Win32
		Development|Win64 = Development|Win64
		Shipping|HTML5 = Shipping|HTML5
		Shipping|Win32 = Shipping|Win32
		Shipping|Win64 = Shipping|Win64
	EndGlobalSection
	GlobalSection(ProjectConfigurationPlatforms) = postSolution
		{8BCA2EAA-742F-4E7F-B80C-5A0FC6A1A947}.DebugGame Editor|HTML5.ActiveCfg = HTML5_DebugGame_Editor|Win32
		{8BCA2EAA-742F-4E7F-B80C-5A0FC6A1A947}.DebugGame Editor|Win32.ActiveCfg = DebugGame_Editor|Win32
		{8BCA2EAA-742F-4E7F-B80C-5A0FC6A1A947}.DebugGame Editor|Win64.ActiveCfg = DebugGame_Editor|x64
		{8BCA2EAA-742F-4E7F-B80C-5A0FC6A1A947}.DebugGame Editor|Win64.Build.0 = DebugGame_Editor|x64
		{8BCA2EAA-742F-4E7F-B80C-5A0FC6A1A947}.DebugGame|HTML5.ActiveCfg = HTML5_DebugGame_Game|Win32
		{8BCA2EAA-742F-4E7F-B80C-5A0FC6A1A947}.DebugGame|HTML5.Build.0 = HTML5_DebugGame_Game|Win32
		{8BCA2EAA-742F-4E7F-B80C-5A0FC6A1A947}.DebugGame|Win32.ActiveCfg = DebugGame_Game|Win32
		{8BCA2EAA-742F-4E7F-B80C-5A0FC6A1A947}.DebugGame|Win32.Build.0 = DebugGame_Game|Win32
		{8BCA2EAA-742F-4E7F-B80C-5A0FC6A1A947}.DebugGame|Win64.ActiveCfg = DebugGame_Game|x64
		{8BCA2EAA-742F-4E7F-B80C-5A0FC6A1A947}.DebugGame|Win64.Build.0 = DebugGame_Game|x64
		{8BCA2EAA-742F-4E7F-B80C-5A0FC6A1A947}.Development Editor|HTML5.ActiveCfg = HTML5_Development_Editor|Win32
		{8BCA2EAA-742F-4E7F-B80C-5A0FC6A1A947}.Development Editor|Win32.ActiveCfg = Development_Editor|Win32
		{8BCA2EAA-742F-4E7F-B80C-5A0FC6A1A947}.Development Editor|Win64.ActiveCfg = Development_Editor|x64
		{8BCA2EAA-742F-4E7F-B80C-5A0FC6A1A947}.Development Editor|Win64.Build.0 = Development_Editor|x64
		{8BCA2EAA-742F-4E7F-B80C-5A0FC6A1A947}.Development|HTML5.ActiveCfg = HTML5_Development_Game|Win32
		{8BCA2EAA-742F-4E7F-B80C-5A0FC6A1A947}.Development|HTML5.Build.0 = HTML5_Development_Game|Win32
		{8BCA2EAA-742F-4E7F-B80C-5A0FC6A1A947}.Development|Win32.ActiveCfg = Development_Game|Win32
		{8BCA2EAA-742F-4E7F-B80C-5A0FC6A1A947}.Development|Win32.Build.0 = Development_Game|Win32
		{8BCA2EAA-742F-4E7F-B80C-5A0FC6A1A947}.Development|Win64.ActiveCfg = Development_Game|x64
		{8BCA2EAA-742F-4E7F-B80C-5A0FC6A1A947}.Development|Win64.Build.0 = Development_Game|x64
		{8BCA2EAA-742F-4E7F-B80C-5A0FC6A1A947}.Shipping|HTML5.ActiveCfg = HTML5_Shipping_Game|Win32
		{8BCA2EAA-742F-4E7F-B80C-5A0FC6A1A947}.Shipping|HTML5.Build.0 = HTML5_Shipping_Game|Win32
		{8BCA2EAA-742F-4E7F-B80C-5A0FC6A1A947}.Shipping|Win32.ActiveCfg = Shipping_Game|Win32
		{8BCA2EAA-742F-4E7F-B80C-5A0FC6A1A947}.Shipping|Win32.Build.0 = Shipping_Game|Win32
		{8BCA2EAA-742F-4E7F-B80C-5A0FC6A1A947}.Shipping|Win64.ActiveCfg = Shipping_Game|x64
		{8BCA2EAA-742F-4E7F-B80C-5A0FC6A1A947}.Shipping|Win64.Build.0 = Shipping_Game|x64
	EndGlobalSection
	GlobalSection(SolutionProperties) = preSolution
		HideSolutionNode = FALSE
	EndGlobalSection
	GlobalSection(NestedProjects) = preSolution
		{19D0C5FB-280A-43B7-AA1B-42CC6135D86A} = {3E8FEE7F-C48E-4364-9A67-3FE94C89F797}
		{8BCA2EAA-742F-4E7F-B80C-5A0FC6A1A947} = {82D623C8-EBB1-49C0-A7DA-8823BCA5376A}
	EndGlobalSection
EndGlobal
