
Microsoft Visual Studio Solution File, Format Version 12.00
# Visual Studio 15
VisualStudioVersion = 15.0.26730.3
MinimumVisualStudioVersion = 10.0.40219.1
Project("{2150E333-8FDC-42A3-9474-1A3956D46DE8}") = "Engine", "Engine", "{3432C7C8-4E46-4912-AB7D-42BFC2B4F387}"
EndProject
Project("{2150E333-8FDC-42A3-9474-1A3956D46DE8}") = "Games", "Games", "{D1D557F8-428A-4A4A-A853-456A12E3452E}"
EndProject
Project("{8BC9CEB8-8B4A-11D0-8D11-00A0C91BC942}") = "UE4", "Intermediate\ProjectFiles\UE4.vcxproj", "{D7E3BE50-D148-40DD-BEA1-BBE938453DD9}"
EndProject
Project("{8BC9CEB8-8B4A-11D0-8D11-00A0C91BC942}") = "World", "Intermediate\ProjectFiles\World.vcxproj", "{BF07E391-1BC8-4858-9912-FEE518E855EC}"
EndProject
Global
	GlobalSection(SolutionConfigurationPlatforms) = preSolution
		DebugGame Editor|HTML5 = DebugGame Editor|HTML5
		DebugGame Editor|Win32 = DebugGame Editor|Win32
		DebugGame Editor|Win64 = DebugGame Editor|Win64
		DebugGame|HTML5 = DebugGame|HTML5
		DebugGame|Win32 = DebugGame|Win32
		DebugGame|Win64 = DebugGame|Win64
		Development Editor|HTML5 = Development Editor|HTML5
		Development Editor|Win32 = Development Editor|Win32
		Development Editor|Win64 = Development Editor|Win64
		Development|HTML5 = Development|HTML5
		Development|Win32 = Development|Win32
		Development|Win64 = Development|Win64
		Shipping|HTML5 = Shipping|HTML5
		Shipping|Win32 = Shipping|Win32
		Shipping|Win64 = Shipping|Win64
	EndGlobalSection
	GlobalSection(ProjectConfigurationPlatforms) = postSolution
		{D7E3BE50-D148-40DD-BEA1-BBE938453DD9}.DebugGame Editor|HTML5.ActiveCfg = BuiltWithUnrealBuildTool|Win32
		{D7E3BE50-D148-40DD-BEA1-BBE938453DD9}.DebugGame Editor|HTML5.Build.0 = BuiltWithUnrealBuildTool|Win32
		{D7E3BE50-D148-40DD-BEA1-BBE938453DD9}.DebugGame Editor|Win32.ActiveCfg = BuiltWithUnrealBuildTool|Win32
		{D7E3BE50-D148-40DD-BEA1-BBE938453DD9}.DebugGame Editor|Win32.Build.0 = BuiltWithUnrealBuildTool|Win32
		{D7E3BE50-D148-40DD-BEA1-BBE938453DD9}.DebugGame Editor|Win64.ActiveCfg = BuiltWithUnrealBuildTool|Win32
		{D7E3BE50-D148-40DD-BEA1-BBE938453DD9}.DebugGame Editor|Win64.Build.0 = BuiltWithUnrealBuildTool|Win32
		{D7E3BE50-D148-40DD-BEA1-BBE938453DD9}.DebugGame|HTML5.ActiveCfg = BuiltWithUnrealBuildTool|Win32
		{D7E3BE50-D148-40DD-BEA1-BBE938453DD9}.DebugGame|HTML5.Build.0 = BuiltWithUnrealBuildTool|Win32
		{D7E3BE50-D148-40DD-BEA1-BBE938453DD9}.DebugGame|Win32.ActiveCfg = BuiltWithUnrealBuildTool|Win32
		{D7E3BE50-D148-40DD-BEA1-BBE938453DD9}.DebugGame|Win32.Build.0 = BuiltWithUnrealBuildTool|Win32
		{D7E3BE50-D148-40DD-BEA1-BBE938453DD9}.DebugGame|Win64.ActiveCfg = BuiltWithUnrealBuildTool|Win32
		{D7E3BE50-D148-40DD-BEA1-BBE938453DD9}.DebugGame|Win64.Build.0 = BuiltWithUnrealBuildTool|Win32
		{D7E3BE50-D148-40DD-BEA1-BBE938453DD9}.Development Editor|HTML5.ActiveCfg = BuiltWithUnrealBuildTool|Win32
		{D7E3BE50-D148-40DD-BEA1-BBE938453DD9}.Development Editor|HTML5.Build.0 = BuiltWithUnrealBuildTool|Win32
		{D7E3BE50-D148-40DD-BEA1-BBE938453DD9}.Development Editor|Win32.ActiveCfg = BuiltWithUnrealBuildTool|Win32
		{D7E3BE50-D148-40DD-BEA1-BBE938453DD9}.Development Editor|Win32.Build.0 = BuiltWithUnrealBuildTool|Win32
		{D7E3BE50-D148-40DD-BEA1-BBE938453DD9}.Development Editor|Win64.ActiveCfg = BuiltWithUnrealBuildTool|Win32
		{D7E3BE50-D148-40DD-BEA1-BBE938453DD9}.Development Editor|Win64.Build.0 = BuiltWithUnrealBuildTool|Win32
		{D7E3BE50-D148-40DD-BEA1-BBE938453DD9}.Development|HTML5.ActiveCfg = BuiltWithUnrealBuildTool|Win32
		{D7E3BE50-D148-40DD-BEA1-BBE938453DD9}.Development|HTML5.Build.0 = BuiltWithUnrealBuildTool|Win32
		{D7E3BE50-D148-40DD-BEA1-BBE938453DD9}.Development|Win32.ActiveCfg = BuiltWithUnrealBuildTool|Win32
		{D7E3BE50-D148-40DD-BEA1-BBE938453DD9}.Development|Win32.Build.0 = BuiltWithUnrealBuildTool|Win32
		{D7E3BE50-D148-40DD-BEA1-BBE938453DD9}.Development|Win64.ActiveCfg = BuiltWithUnrealBuildTool|Win32
		{D7E3BE50-D148-40DD-BEA1-BBE938453DD9}.Development|Win64.Build.0 = BuiltWithUnrealBuildTool|Win32
		{D7E3BE50-D148-40DD-BEA1-BBE938453DD9}.Shipping|HTML5.ActiveCfg = BuiltWithUnrealBuildTool|Win32
		{D7E3BE50-D148-40DD-BEA1-BBE938453DD9}.Shipping|HTML5.Build.0 = BuiltWithUnrealBuildTool|Win32
		{D7E3BE50-D148-40DD-BEA1-BBE938453DD9}.Shipping|Win32.ActiveCfg = BuiltWithUnrealBuildTool|Win32
		{D7E3BE50-D148-40DD-BEA1-BBE938453DD9}.Shipping|Win32.Build.0 = BuiltWithUnrealBuildTool|Win32
		{D7E3BE50-D148-40DD-BEA1-BBE938453DD9}.Shipping|Win64.ActiveCfg = BuiltWithUnrealBuildTool|Win32
		{D7E3BE50-D148-40DD-BEA1-BBE938453DD9}.Shipping|Win64.Build.0 = BuiltWithUnrealBuildTool|Win32
		{BF07E391-1BC8-4858-9912-FEE518E855EC}.DebugGame Editor|HTML5.ActiveCfg = HTML5_DebugGame_Editor|Win32
		{BF07E391-1BC8-4858-9912-FEE518E855EC}.DebugGame Editor|Win32.ActiveCfg = DebugGame_Editor|Win32
		{BF07E391-1BC8-4858-9912-FEE518E855EC}.DebugGame Editor|Win64.ActiveCfg = DebugGame_Editor|x64
		{BF07E391-1BC8-4858-9912-FEE518E855EC}.DebugGame Editor|Win64.Build.0 = DebugGame_Editor|x64
		{BF07E391-1BC8-4858-9912-FEE518E855EC}.DebugGame|HTML5.ActiveCfg = HTML5_DebugGame_Game|Win32
		{BF07E391-1BC8-4858-9912-FEE518E855EC}.DebugGame|HTML5.Build.0 = HTML5_DebugGame_Game|Win32
		{BF07E391-1BC8-4858-9912-FEE518E855EC}.DebugGame|Win32.ActiveCfg = DebugGame_Game|Win32
		{BF07E391-1BC8-4858-9912-FEE518E855EC}.DebugGame|Win32.Build.0 = DebugGame_Game|Win32
		{BF07E391-1BC8-4858-9912-FEE518E855EC}.DebugGame|Win64.ActiveCfg = DebugGame_Game|x64
		{BF07E391-1BC8-4858-9912-FEE518E855EC}.DebugGame|Win64.Build.0 = DebugGame_Game|x64
		{BF07E391-1BC8-4858-9912-FEE518E855EC}.Development Editor|HTML5.ActiveCfg = HTML5_Development_Editor|Win32
		{BF07E391-1BC8-4858-9912-FEE518E855EC}.Development Editor|Win32.ActiveCfg = Development_Editor|Win32
		{BF07E391-1BC8-4858-9912-FEE518E855EC}.Development Editor|Win64.ActiveCfg = Development_Editor|x64
		{BF07E391-1BC8-4858-9912-FEE518E855EC}.Development Editor|Win64.Build.0 = Development_Editor|x64
		{BF07E391-1BC8-4858-9912-FEE518E855EC}.Development|HTML5.ActiveCfg = HTML5_Development_Game|Win32
		{BF07E391-1BC8-4858-9912-FEE518E855EC}.Development|HTML5.Build.0 = HTML5_Development_Game|Win32
		{BF07E391-1BC8-4858-9912-FEE518E855EC}.Development|Win32.ActiveCfg = Development_Game|Win32
		{BF07E391-1BC8-4858-9912-FEE518E855EC}.Development|Win32.Build.0 = Development_Game|Win32
		{BF07E391-1BC8-4858-9912-FEE518E855EC}.Development|Win64.ActiveCfg = Development_Game|x64
		{BF07E391-1BC8-4858-9912-FEE518E855EC}.Development|Win64.Build.0 = Development_Game|x64
		{BF07E391-1BC8-4858-9912-FEE518E855EC}.Shipping|HTML5.ActiveCfg = HTML5_Shipping_Game|Win32
		{BF07E391-1BC8-4858-9912-FEE518E855EC}.Shipping|HTML5.Build.0 = HTML5_Shipping_Game|Win32
		{BF07E391-1BC8-4858-9912-FEE518E855EC}.Shipping|Win32.ActiveCfg = Shipping_Game|Win32
		{BF07E391-1BC8-4858-9912-FEE518E855EC}.Shipping|Win32.Build.0 = Shipping_Game|Win32
		{BF07E391-1BC8-4858-9912-FEE518E855EC}.Shipping|Win64.ActiveCfg = Shipping_Game|x64
		{BF07E391-1BC8-4858-9912-FEE518E855EC}.Shipping|Win64.Build.0 = Shipping_Game|x64
	EndGlobalSection
	GlobalSection(SolutionProperties) = preSolution
		HideSolutionNode = FALSE
	EndGlobalSection
	GlobalSection(NestedProjects) = preSolution
		{D7E3BE50-D148-40DD-BEA1-BBE938453DD9} = {3432C7C8-4E46-4912-AB7D-42BFC2B4F387}
		{BF07E391-1BC8-4858-9912-FEE518E855EC} = {D1D557F8-428A-4A4A-A853-456A12E3452E}
	EndGlobalSection
	GlobalSection(ExtensibilityGlobals) = postSolution
		SolutionGuid = {6EC0C216-765B-4BD0-BF0C-3C51B37D6145}
	EndGlobalSection
EndGlobal
